
Microsoft Visual Studio Solution File, Format Version 12.00
# Visual Studio Version 16
VisualStudioVersion = 16.0.29306.81
MinimumVisualStudioVersion = 10.0.40219.1
Project("{FAE04EC0-301F-11D3-BF4B-00C04F79EFBC}") = "TodosAppService", "TodosAppService\TodosAppService.csproj", "{FE0DAA1B-7B0C-4825-B034-4DC9601B6A4F}"
EndProject
Project("{FAE04EC0-301F-11D3-BF4B-00C04F79EFBC}") = "TodosAppService.Tests", "TodosAppService.Tests\TodosAppService.Tests.csproj", "{EC43774E-4B0D-4CAB-9C14-B02721E1A6E1}"
EndProject
Project("{FAE04EC0-301F-11D3-BF4B-00C04F79EFBC}") = "TodosApp.DataAccess", "TodosApp.DataAccess\TodosApp.DataAccess.csproj", "{28800EDB-A608-4EB3-99C4-F18A39C3E0B8}"
EndProject
Project("{FAE04EC0-301F-11D3-BF4B-00C04F79EFBC}") = "TodosApp.BLogic", "TodosApp.BLogic\TodosApp.BLogic.csproj", "{57BCA205-B13D-461A-9274-C39588DCDD22}"
EndProject
Project("{FAE04EC0-301F-11D3-BF4B-00C04F79EFBC}") = "TodosModel", "TodosModel\TodosModel.csproj", "{D9ABB0A3-A0A8-4A4A-AABE-D30E7BD31F88}"
EndProject
Global
	GlobalSection(SolutionConfigurationPlatforms) = preSolution
		Debug|Any CPU = Debug|Any CPU
		Release|Any CPU = Release|Any CPU
	EndGlobalSection
	GlobalSection(ProjectConfigurationPlatforms) = postSolution
		{FE0DAA1B-7B0C-4825-B034-4DC9601B6A4F}.Debug|Any CPU.ActiveCfg = Debug|Any CPU
		{FE0DAA1B-7B0C-4825-B034-4DC9601B6A4F}.Debug|Any CPU.Build.0 = Debug|Any CPU
		{FE0DAA1B-7B0C-4825-B034-4DC9601B6A4F}.Release|Any CPU.ActiveCfg = Release|Any CPU
		{FE0DAA1B-7B0C-4825-B034-4DC9601B6A4F}.Release|Any CPU.Build.0 = Release|Any CPU
		{EC43774E-4B0D-4CAB-9C14-B02721E1A6E1}.Debug|Any CPU.ActiveCfg = Debug|Any CPU
		{EC43774E-4B0D-4CAB-9C14-B02721E1A6E1}.Debug|Any CPU.Build.0 = Debug|Any CPU
		{EC43774E-4B0D-4CAB-9C14-B02721E1A6E1}.Release|Any CPU.ActiveCfg = Release|Any CPU
		{EC43774E-4B0D-4CAB-9C14-B02721E1A6E1}.Release|Any CPU.Build.0 = Release|Any CPU
		{28800EDB-A608-4EB3-99C4-F18A39C3E0B8}.Debug|Any CPU.ActiveCfg = Debug|Any CPU
		{28800EDB-A608-4EB3-99C4-F18A39C3E0B8}.Debug|Any CPU.Build.0 = Debug|Any CPU
		{28800EDB-A608-4EB3-99C4-F18A39C3E0B8}.Release|Any CPU.ActiveCfg = Release|Any CPU
		{28800EDB-A608-4EB3-99C4-F18A39C3E0B8}.Release|Any CPU.Build.0 = Release|Any CPU
		{57BCA205-B13D-461A-9274-C39588DCDD22}.Debug|Any CPU.ActiveCfg = Debug|Any CPU
		{57BCA205-B13D-461A-9274-C39588DCDD22}.Debug|Any CPU.Build.0 = Debug|Any CPU
		{57BCA205-B13D-461A-9274-C39588DCDD22}.Release|Any CPU.ActiveCfg = Release|Any CPU
		{57BCA205-B13D-461A-9274-C39588DCDD22}.Release|Any CPU.Build.0 = Release|Any CPU
		{D9ABB0A3-A0A8-4A4A-AABE-D30E7BD31F88}.Debug|Any CPU.ActiveCfg = Debug|Any CPU
		{D9ABB0A3-A0A8-4A4A-AABE-D30E7BD31F88}.Debug|Any CPU.Build.0 = Debug|Any CPU
		{D9ABB0A3-A0A8-4A4A-AABE-D30E7BD31F88}.Release|Any CPU.ActiveCfg = Release|Any CPU
		{D9ABB0A3-A0A8-4A4A-AABE-D30E7BD31F88}.Release|Any CPU.Build.0 = Release|Any CPU
	EndGlobalSection
	GlobalSection(SolutionProperties) = preSolution
		HideSolutionNode = FALSE
	EndGlobalSection
	GlobalSection(ExtensibilityGlobals) = postSolution
		SolutionGuid = {6A032474-F911-4F8A-B141-113FF0000FA8}
	EndGlobalSection
EndGlobal
